
Microsoft Visual Studio Solution File, Format Version 12.00
# Visual Studio Version 17
VisualStudioVersion = 17.11.35312.102
MinimumVisualStudioVersion = 10.0.40219.1
Project("{FAE04EC0-301F-11D3-BF4B-00C04F79EFBC}") = "ConsoleApp", "ConsoleApp\ConsoleApp.csproj", "{F1C51F1F-20AD-486B-B8D3-493EF7516D0C}"
EndProject
Global
	GlobalSection(SolutionConfigurationPlatforms) = preSolution
		Debug|Any CPU = Debug|Any CPU
		Release|Any CPU = Release|Any CPU
	EndGlobalSection
	GlobalSection(ProjectConfigurationPlatforms) = postSolution
		{F1C51F1F-20AD-486B-B8D3-493EF7516D0C}.Debug|Any CPU.ActiveCfg = Debug|Any CPU
		{F1C51F1F-20AD-486B-B8D3-493EF7516D0C}.Debug|Any CPU.Build.0 = Debug|Any CPU
		{F1C51F1F-20AD-486B-B8D3-493EF7516D0C}.Release|Any CPU.ActiveCfg = Release|Any CPU
		{F1C51F1F-20AD-486B-B8D3-493EF7516D0C}.Release|Any CPU.Build.0 = Release|Any CPU
	EndGlobalSection
	GlobalSection(SolutionProperties) = preSolution
		HideSolutionNode = FALSE
	EndGlobalSection
	GlobalSection(ExtensibilityGlobals) = postSolution
		SolutionGuid = {DA5F45DB-032C-4A7A-9BEA-F30BCBF7BAB1}
	EndGlobalSection
EndGlobal
