
Microsoft Visual Studio Solution File, Format Version 12.00
# Visual Studio Version 17
VisualStudioVersion = 17.11.35312.102
MinimumVisualStudioVersion = 10.0.40219.1
Project("{2150E333-8FDC-42A3-9474-1A3956D46DE8}") = "Core", "Core", "{6AC58E7B-11FD-4507-9B23-6634593445C3}"
EndProject
Project("{2150E333-8FDC-42A3-9474-1A3956D46DE8}") = "Infrastructure", "Infrastructure", "{5FC9E63C-B5F1-45B8-8A28-C57DF0A4F61D}"
EndProject
Project("{2150E333-8FDC-42A3-9474-1A3956D46DE8}") = "Presentation", "Presentation", "{912A0A6F-F04F-4200-9489-D32D694F4423}"
EndProject
Project("{FAE04EC0-301F-11D3-BF4B-00C04F79EFBC}") = "UniversityDepartment.Web", "UniversityDepartment.Web\UniversityDepartment.Web.csproj", "{985AEB45-062A-4878-904D-86692D1AC3A1}"
EndProject
Project("{FAE04EC0-301F-11D3-BF4B-00C04F79EFBC}") = "UniversityDepartment.Domain", "UniversityDepartment.Domain\UniversityDepartment.Domain.csproj", "{480249D3-D609-4330-8220-E77E942297E8}"
EndProject
Project("{FAE04EC0-301F-11D3-BF4B-00C04F79EFBC}") = "UniversityDepartment.Application", "UniversityDepartment.Application\UniversityDepartment.Application.csproj", "{86D87144-2AB9-4F5B-A266-BBF3264C3C1D}"
EndProject
Project("{FAE04EC0-301F-11D3-BF4B-00C04F79EFBC}") = "Contracts", "Contracts\Contracts.csproj", "{8E189CE2-59FD-4A2F-BF58-FDD5FF62DAA2}"
EndProject
Project("{FAE04EC0-301F-11D3-BF4B-00C04F79EFBC}") = "UniversityDepartment.Persistence", "UniversityDepartment.Persistence\UniversityDepartment.Persistence.csproj", "{1556A47C-220A-4D51-817E-098740A2B4B7}"
EndProject
Global
	GlobalSection(SolutionConfigurationPlatforms) = preSolution
		Debug|Any CPU = Debug|Any CPU
		Release|Any CPU = Release|Any CPU
	EndGlobalSection
	GlobalSection(ProjectConfigurationPlatforms) = postSolution
		{985AEB45-062A-4878-904D-86692D1AC3A1}.Debug|Any CPU.ActiveCfg = Debug|Any CPU
		{985AEB45-062A-4878-904D-86692D1AC3A1}.Debug|Any CPU.Build.0 = Debug|Any CPU
		{985AEB45-062A-4878-904D-86692D1AC3A1}.Release|Any CPU.ActiveCfg = Release|Any CPU
		{985AEB45-062A-4878-904D-86692D1AC3A1}.Release|Any CPU.Build.0 = Release|Any CPU
		{480249D3-D609-4330-8220-E77E942297E8}.Debug|Any CPU.ActiveCfg = Debug|Any CPU
		{480249D3-D609-4330-8220-E77E942297E8}.Debug|Any CPU.Build.0 = Debug|Any CPU
		{480249D3-D609-4330-8220-E77E942297E8}.Release|Any CPU.ActiveCfg = Release|Any CPU
		{480249D3-D609-4330-8220-E77E942297E8}.Release|Any CPU.Build.0 = Release|Any CPU
		{86D87144-2AB9-4F5B-A266-BBF3264C3C1D}.Debug|Any CPU.ActiveCfg = Debug|Any CPU
		{86D87144-2AB9-4F5B-A266-BBF3264C3C1D}.Debug|Any CPU.Build.0 = Debug|Any CPU
		{86D87144-2AB9-4F5B-A266-BBF3264C3C1D}.Release|Any CPU.ActiveCfg = Release|Any CPU
		{86D87144-2AB9-4F5B-A266-BBF3264C3C1D}.Release|Any CPU.Build.0 = Release|Any CPU
		{8E189CE2-59FD-4A2F-BF58-FDD5FF62DAA2}.Debug|Any CPU.ActiveCfg = Debug|Any CPU
		{8E189CE2-59FD-4A2F-BF58-FDD5FF62DAA2}.Debug|Any CPU.Build.0 = Debug|Any CPU
		{8E189CE2-59FD-4A2F-BF58-FDD5FF62DAA2}.Release|Any CPU.ActiveCfg = Release|Any CPU
		{8E189CE2-59FD-4A2F-BF58-FDD5FF62DAA2}.Release|Any CPU.Build.0 = Release|Any CPU
		{1556A47C-220A-4D51-817E-098740A2B4B7}.Debug|Any CPU.ActiveCfg = Debug|Any CPU
		{1556A47C-220A-4D51-817E-098740A2B4B7}.Debug|Any CPU.Build.0 = Debug|Any CPU
		{1556A47C-220A-4D51-817E-098740A2B4B7}.Release|Any CPU.ActiveCfg = Release|Any CPU
		{1556A47C-220A-4D51-817E-098740A2B4B7}.Release|Any CPU.Build.0 = Release|Any CPU
	EndGlobalSection
	GlobalSection(SolutionProperties) = preSolution
		HideSolutionNode = FALSE
	EndGlobalSection
	GlobalSection(NestedProjects) = preSolution
		{985AEB45-062A-4878-904D-86692D1AC3A1} = {912A0A6F-F04F-4200-9489-D32D694F4423}
		{480249D3-D609-4330-8220-E77E942297E8} = {6AC58E7B-11FD-4507-9B23-6634593445C3}
		{86D87144-2AB9-4F5B-A266-BBF3264C3C1D} = {6AC58E7B-11FD-4507-9B23-6634593445C3}
		{8E189CE2-59FD-4A2F-BF58-FDD5FF62DAA2} = {6AC58E7B-11FD-4507-9B23-6634593445C3}
		{1556A47C-220A-4D51-817E-098740A2B4B7} = {5FC9E63C-B5F1-45B8-8A28-C57DF0A4F61D}
	EndGlobalSection
	GlobalSection(ExtensibilityGlobals) = postSolution
		SolutionGuid = {DA5F45DB-032C-4A7A-9BEA-F30BCBF7BAB1}
	EndGlobalSection
EndGlobal
